// !$*UTF8*$!
{
	archiveVersion = 1;
	classes = {
	};
	objectVersion = 56;
	objects = {

/* Begin PBXBuildFile section */
		D26FE26C2A75832B00CE6BBF /* AppDelegate.swift in Sources */ = {isa = PBXBuildFile; fileRef = D26FE26B2A75832B00CE6BBF /* AppDelegate.swift */; };
		D26FE26E2A75832B00CE6BBF /* SceneDelegate.swift in Sources */ = {isa = PBXBuildFile; fileRef = D26FE26D2A75832B00CE6BBF /* SceneDelegate.swift */; };
		D26FE2702A75832B00CE6BBF /* ViewController.swift in Sources */ = {isa = PBXBuildFile; fileRef = D26FE26F2A75832B00CE6BBF /* ViewController.swift */; };
		D26FE2752A75832C00CE6BBF /* Assets.xcassets in Resources */ = {isa = PBXBuildFile; fileRef = D26FE2742A75832C00CE6BBF /* Assets.xcassets */; };
		D26FE2782A75832C00CE6BBF /* LaunchScreen.storyboard in Resources */ = {isa = PBXBuildFile; fileRef = D26FE2762A75832C00CE6BBF /* LaunchScreen.storyboard */; };
		D26FE2802A7587E100CE6BBF /* ChatExamViewController.swift in Sources */ = {isa = PBXBuildFile; fileRef = D26FE27F2A7587E100CE6BBF /* ChatExamViewController.swift */; };
		D26FE2832A75887400CE6BBF /* MessageKit in Frameworks */ = {isa = PBXBuildFile; productRef = D26FE2822A75887400CE6BBF /* MessageKit */; };
		D26FE2862A7589F800CE6BBF /* Message.swift in Sources */ = {isa = PBXBuildFile; fileRef = D26FE2852A7589F800CE6BBF /* Message.swift */; };
		D2AAF74A2A76C83F006AD936 /* SampleData.swift in Sources */ = {isa = PBXBuildFile; fileRef = D2AAF7492A76C83F006AD936 /* SampleData.swift */; };
		D2AAF74D2A76CC14006AD936 /* UIColor+Ext.swift in Sources */ = {isa = PBXBuildFile; fileRef = D2AAF74C2A76CC14006AD936 /* UIColor+Ext.swift */; };
		D2AAF74F2A76E130006AD936 /* ChatBotViewController.swift in Sources */ = {isa = PBXBuildFile; fileRef = D2AAF74E2A76E130006AD936 /* ChatBotViewController.swift */; };
		D2AAF7512A777E29006AD936 /* MessageKitDateFormatter+Ext.swift in Sources */ = {isa = PBXBuildFile; fileRef = D2AAF7502A777E29006AD936 /* MessageKitDateFormatter+Ext.swift */; };
/* End PBXBuildFile section */

/* Begin PBXFileReference section */
		D26FE2682A75832B00CE6BBF /* MessageKitPractice.app */ = {isa = PBXFileReference; explicitFileType = wrapper.application; includeInIndex = 0; path = MessageKitPractice.app; sourceTree = BUILT_PRODUCTS_DIR; };
		D26FE26B2A75832B00CE6BBF /* AppDelegate.swift */ = {isa = PBXFileReference; lastKnownFileType = sourcecode.swift; path = AppDelegate.swift; sourceTree = "<group>"; };
		D26FE26D2A75832B00CE6BBF /* SceneDelegate.swift */ = {isa = PBXFileReference; lastKnownFileType = sourcecode.swift; path = SceneDelegate.swift; sourceTree = "<group>"; };
		D26FE26F2A75832B00CE6BBF /* ViewController.swift */ = {isa = PBXFileReference; lastKnownFileType = sourcecode.swift; path = ViewController.swift; sourceTree = "<group>"; };
		D26FE2742A75832C00CE6BBF /* Assets.xcassets */ = {isa = PBXFileReference; lastKnownFileType = folder.assetcatalog; path = Assets.xcassets; sourceTree = "<group>"; };
		D26FE2772A75832C00CE6BBF /* Base */ = {isa = PBXFileReference; lastKnownFileType = file.storyboard; name = Base; path = Base.lproj/LaunchScreen.storyboard; sourceTree = "<group>"; };
		D26FE2792A75832C00CE6BBF /* Info.plist */ = {isa = PBXFileReference; lastKnownFileType = text.plist.xml; path = Info.plist; sourceTree = "<group>"; };
		D26FE27F2A7587E100CE6BBF /* ChatExamViewController.swift */ = {isa = PBXFileReference; lastKnownFileType = sourcecode.swift; path = ChatExamViewController.swift; sourceTree = "<group>"; };
		D26FE2852A7589F800CE6BBF /* Message.swift */ = {isa = PBXFileReference; lastKnownFileType = sourcecode.swift; path = Message.swift; sourceTree = "<group>"; };
		D2AAF7492A76C83F006AD936 /* SampleData.swift */ = {isa = PBXFileReference; lastKnownFileType = sourcecode.swift; path = SampleData.swift; sourceTree = "<group>"; };
		D2AAF74C2A76CC14006AD936 /* UIColor+Ext.swift */ = {isa = PBXFileReference; lastKnownFileType = sourcecode.swift; path = "UIColor+Ext.swift"; sourceTree = "<group>"; };
		D2AAF74E2A76E130006AD936 /* ChatBotViewController.swift */ = {isa = PBXFileReference; lastKnownFileType = sourcecode.swift; path = ChatBotViewController.swift; sourceTree = "<group>"; };
		D2AAF7502A777E29006AD936 /* MessageKitDateFormatter+Ext.swift */ = {isa = PBXFileReference; lastKnownFileType = sourcecode.swift; path = "MessageKitDateFormatter+Ext.swift"; sourceTree = "<group>"; };
/* End PBXFileReference section */

/* Begin PBXFrameworksBuildPhase section */
		D26FE2652A75832B00CE6BBF /* Frameworks */ = {
			isa = PBXFrameworksBuildPhase;
			buildActionMask = 2147483647;
			files = (
				D26FE2832A75887400CE6BBF /* MessageKit in Frameworks */,
			);
			runOnlyForDeploymentPostprocessing = 0;
		};
/* End PBXFrameworksBuildPhase section */

/* Begin PBXGroup section */
		D26FE25F2A75832B00CE6BBF = {
			isa = PBXGroup;
			children = (
				D26FE26A2A75832B00CE6BBF /* MessageKitPractice */,
				D26FE2692A75832B00CE6BBF /* Products */,
			);
			sourceTree = "<group>";
		};
		D26FE2692A75832B00CE6BBF /* Products */ = {
			isa = PBXGroup;
			children = (
				D26FE2682A75832B00CE6BBF /* MessageKitPractice.app */,
			);
			name = Products;
			sourceTree = "<group>";
		};
		D26FE26A2A75832B00CE6BBF /* MessageKitPractice */ = {
			isa = PBXGroup;
			children = (
				D2AAF74B2A76CC01006AD936 /* Extension */,
				D26FE2842A7589E200CE6BBF /* Model */,
				D26FE26B2A75832B00CE6BBF /* AppDelegate.swift */,
				D26FE26D2A75832B00CE6BBF /* SceneDelegate.swift */,
				D26FE26F2A75832B00CE6BBF /* ViewController.swift */,
				D2AAF74E2A76E130006AD936 /* ChatBotViewController.swift */,
				D26FE27F2A7587E100CE6BBF /* ChatExamViewController.swift */,
				D26FE2742A75832C00CE6BBF /* Assets.xcassets */,
				D26FE2762A75832C00CE6BBF /* LaunchScreen.storyboard */,
				D26FE2792A75832C00CE6BBF /* Info.plist */,
				D2AAF7492A76C83F006AD936 /* SampleData.swift */,
			);
			path = MessageKitPractice;
			sourceTree = "<group>";
		};
		D26FE2842A7589E200CE6BBF /* Model */ = {
			isa = PBXGroup;
			children = (
				D26FE2852A7589F800CE6BBF /* Message.swift */,
			);
			path = Model;
			sourceTree = "<group>";
		};
		D2AAF74B2A76CC01006AD936 /* Extension */ = {
			isa = PBXGroup;
			children = (
				D2AAF74C2A76CC14006AD936 /* UIColor+Ext.swift */,
				D2AAF7502A777E29006AD936 /* MessageKitDateFormatter+Ext.swift */,
			);
			path = Extension;
			sourceTree = "<group>";
		};
/* End PBXGroup section */

/* Begin PBXNativeTarget section */
		D26FE2672A75832B00CE6BBF /* MessageKitPractice */ = {
			isa = PBXNativeTarget;
			buildConfigurationList = D26FE27C2A75832C00CE6BBF /* Build configuration list for PBXNativeTarget "MessageKitPractice" */;
			buildPhases = (
				D26FE2642A75832B00CE6BBF /* Sources */,
				D26FE2652A75832B00CE6BBF /* Frameworks */,
				D26FE2662A75832B00CE6BBF /* Resources */,
			);
			buildRules = (
			);
			dependencies = (
			);
			name = MessageKitPractice;
			packageProductDependencies = (
				D26FE2822A75887400CE6BBF /* MessageKit */,
			);
			productName = MessageKitPractice;
			productReference = D26FE2682A75832B00CE6BBF /* MessageKitPractice.app */;
			productType = "com.apple.product-type.application";
		};
/* End PBXNativeTarget section */

/* Begin PBXProject section */
		D26FE2602A75832B00CE6BBF /* Project object */ = {
			isa = PBXProject;
			attributes = {
				BuildIndependentTargetsInParallel = 1;
				LastSwiftUpdateCheck = 1430;
				LastUpgradeCheck = 1430;
				TargetAttributes = {
					D26FE2672A75832B00CE6BBF = {
						CreatedOnToolsVersion = 14.3.1;
					};
				};
			};
			buildConfigurationList = D26FE2632A75832B00CE6BBF /* Build configuration list for PBXProject "MessageKitPractice" */;
			compatibilityVersion = "Xcode 14.0";
			developmentRegion = en;
			hasScannedForEncodings = 0;
			knownRegions = (
				en,
				Base,
			);
			mainGroup = D26FE25F2A75832B00CE6BBF;
			packageReferences = (
				D26FE2812A75887400CE6BBF /* XCRemoteSwiftPackageReference "MessageKit" */,
			);
			productRefGroup = D26FE2692A75832B00CE6BBF /* Products */;
			projectDirPath = "";
			projectRoot = "";
			targets = (
				D26FE2672A75832B00CE6BBF /* MessageKitPractice */,
			);
		};
/* End PBXProject section */

/* Begin PBXResourcesBuildPhase section */
		D26FE2662A75832B00CE6BBF /* Resources */ = {
			isa = PBXResourcesBuildPhase;
			buildActionMask = 2147483647;
			files = (
				D26FE2782A75832C00CE6BBF /* LaunchScreen.storyboard in Resources */,
				D26FE2752A75832C00CE6BBF /* Assets.xcassets in Resources */,
			);
			runOnlyForDeploymentPostprocessing = 0;
		};
/* End PBXResourcesBuildPhase section */

/* Begin PBXSourcesBuildPhase section */
		D26FE2642A75832B00CE6BBF /* Sources */ = {
			isa = PBXSourcesBuildPhase;
			buildActionMask = 2147483647;
			files = (
				D2AAF74D2A76CC14006AD936 /* UIColor+Ext.swift in Sources */,
				D26FE2702A75832B00CE6BBF /* ViewController.swift in Sources */,
				D2AAF74F2A76E130006AD936 /* ChatBotViewController.swift in Sources */,
				D2AAF74A2A76C83F006AD936 /* SampleData.swift in Sources */,
				D2AAF7512A777E29006AD936 /* MessageKitDateFormatter+Ext.swift in Sources */,
				D26FE26C2A75832B00CE6BBF /* AppDelegate.swift in Sources */,
				D26FE2862A7589F800CE6BBF /* Message.swift in Sources */,
				D26FE2802A7587E100CE6BBF /* ChatExamViewController.swift in Sources */,
				D26FE26E2A75832B00CE6BBF /* SceneDelegate.swift in Sources */,
			);
			runOnlyForDeploymentPostprocessing = 0;
		};
/* End PBXSourcesBuildPhase section */

/* Begin PBXVariantGroup section */
		D26FE2762A75832C00CE6BBF /* LaunchScreen.storyboard */ = {
			isa = PBXVariantGroup;
			children = (
				D26FE2772A75832C00CE6BBF /* Base */,
			);
			name = LaunchScreen.storyboard;
			sourceTree = "<group>";
		};
/* End PBXVariantGroup section */

/* Begin XCBuildConfiguration section */
		D26FE27A2A75832C00CE6BBF /* Debug */ = {
			isa = XCBuildConfiguration;
			buildSettings = {
				ALWAYS_SEARCH_USER_PATHS = NO;
				CLANG_ANALYZER_NONNULL = YES;
				CLANG_ANALYZER_NUMBER_OBJECT_CONVERSION = YES_AGGRESSIVE;
				CLANG_CXX_LANGUAGE_STANDARD = "gnu++20";
				CLANG_ENABLE_MODULES = YES;
				CLANG_ENABLE_OBJC_ARC = YES;
				CLANG_ENABLE_OBJC_WEAK = YES;
				CLANG_WARN_BLOCK_CAPTURE_AUTORELEASING = YES;
				CLANG_WARN_BOOL_CONVERSION = YES;
				CLANG_WARN_COMMA = YES;
				CLANG_WARN_CONSTANT_CONVERSION = YES;
				CLANG_WARN_DEPRECATED_OBJC_IMPLEMENTATIONS = YES;
				CLANG_WARN_DIRECT_OBJC_ISA_USAGE = YES_ERROR;
				CLANG_WARN_DOCUMENTATION_COMMENTS = YES;
				CLANG_WARN_EMPTY_BODY = YES;
				CLANG_WARN_ENUM_CONVERSION = YES;
				CLANG_WARN_INFINITE_RECURSION = YES;
				CLANG_WARN_INT_CONVERSION = YES;
				CLANG_WARN_NON_LITERAL_NULL_CONVERSION = YES;
				CLANG_WARN_OBJC_IMPLICIT_RETAIN_SELF = YES;
				CLANG_WARN_OBJC_LITERAL_CONVERSION = YES;
				CLANG_WARN_OBJC_ROOT_CLASS = YES_ERROR;
				CLANG_WARN_QUOTED_INCLUDE_IN_FRAMEWORK_HEADER = YES;
				CLANG_WARN_RANGE_LOOP_ANALYSIS = YES;
				CLANG_WARN_STRICT_PROTOTYPES = YES;
				CLANG_WARN_SUSPICIOUS_MOVE = YES;
				CLANG_WARN_UNGUARDED_AVAILABILITY = YES_AGGRESSIVE;
				CLANG_WARN_UNREACHABLE_CODE = YES;
				CLANG_WARN__DUPLICATE_METHOD_MATCH = YES;
				COPY_PHASE_STRIP = NO;
				DEBUG_INFORMATION_FORMAT = dwarf;
				ENABLE_STRICT_OBJC_MSGSEND = YES;
				ENABLE_TESTABILITY = YES;
				GCC_C_LANGUAGE_STANDARD = gnu11;
				GCC_DYNAMIC_NO_PIC = NO;
				GCC_NO_COMMON_BLOCKS = YES;
				GCC_OPTIMIZATION_LEVEL = 0;
				GCC_PREPROCESSOR_DEFINITIONS = (
					"DEBUG=1",
					"$(inherited)",
				);
				GCC_WARN_64_TO_32_BIT_CONVERSION = YES;
				GCC_WARN_ABOUT_RETURN_TYPE = YES_ERROR;
				GCC_WARN_UNDECLARED_SELECTOR = YES;
				GCC_WARN_UNINITIALIZED_AUTOS = YES_AGGRESSIVE;
				GCC_WARN_UNUSED_FUNCTION = YES;
				GCC_WARN_UNUSED_VARIABLE = YES;
				IPHONEOS_DEPLOYMENT_TARGET = 16.4;
				MTL_ENABLE_DEBUG_INFO = INCLUDE_SOURCE;
				MTL_FAST_MATH = YES;
				ONLY_ACTIVE_ARCH = YES;
				SDKROOT = iphoneos;
				SWIFT_ACTIVE_COMPILATION_CONDITIONS = DEBUG;
				SWIFT_OPTIMIZATION_LEVEL = "-Onone";
			};
			name = Debug;
		};
		D26FE27B2A75832C00CE6BBF /* Release */ = {
			isa = XCBuildConfiguration;
			buildSettings = {
				ALWAYS_SEARCH_USER_PATHS = NO;
				CLANG_ANALYZER_NONNULL = YES;
				CLANG_ANALYZER_NUMBER_OBJECT_CONVERSION = YES_AGGRESSIVE;
				CLANG_CXX_LANGUAGE_STANDARD = "gnu++20";
				CLANG_ENABLE_MODULES = YES;
				CLANG_ENABLE_OBJC_ARC = YES;
				CLANG_ENABLE_OBJC_WEAK = YES;
				CLANG_WARN_BLOCK_CAPTURE_AUTORELEASING = YES;
				CLANG_WARN_BOOL_CONVERSION = YES;
				CLANG_WARN_COMMA = YES;
				CLANG_WARN_CONSTANT_CONVERSION = YES;
				CLANG_WARN_DEPRECATED_OBJC_IMPLEMENTATIONS = YES;
				CLANG_WARN_DIRECT_OBJC_ISA_USAGE = YES_ERROR;
				CLANG_WARN_DOCUMENTATION_COMMENTS = YES;
				CLANG_WARN_EMPTY_BODY = YES;
				CLANG_WARN_ENUM_CONVERSION = YES;
				CLANG_WARN_INFINITE_RECURSION = YES;
				CLANG_WARN_INT_CONVERSION = YES;
				CLANG_WARN_NON_LITERAL_NULL_CONVERSION = YES;
				CLANG_WARN_OBJC_IMPLICIT_RETAIN_SELF = YES;
				CLANG_WARN_OBJC_LITERAL_CONVERSION = YES;
				CLANG_WARN_OBJC_ROOT_CLASS = YES_ERROR;
				CLANG_WARN_QUOTED_INCLUDE_IN_FRAMEWORK_HEADER = YES;
				CLANG_WARN_RANGE_LOOP_ANALYSIS = YES;
				CLANG_WARN_STRICT_PROTOTYPES = YES;
				CLANG_WARN_SUSPICIOUS_MOVE = YES;
				CLANG_WARN_UNGUARDED_AVAILABILITY = YES_AGGRESSIVE;
				CLANG_WARN_UNREACHABLE_CODE = YES;
				CLANG_WARN__DUPLICATE_METHOD_MATCH = YES;
				COPY_PHASE_STRIP = NO;
				DEBUG_INFORMATION_FORMAT = "dwarf-with-dsym";
				ENABLE_NS_ASSERTIONS = NO;
				ENABLE_STRICT_OBJC_MSGSEND = YES;
				GCC_C_LANGUAGE_STANDARD = gnu11;
				GCC_NO_COMMON_BLOCKS = YES;
				GCC_WARN_64_TO_32_BIT_CONVERSION = YES;
				GCC_WARN_ABOUT_RETURN_TYPE = YES_ERROR;
				GCC_WARN_UNDECLARED_SELECTOR = YES;
				GCC_WARN_UNINITIALIZED_AUTOS = YES_AGGRESSIVE;
				GCC_WARN_UNUSED_FUNCTION = YES;
				GCC_WARN_UNUSED_VARIABLE = YES;
				IPHONEOS_DEPLOYMENT_TARGET = 16.4;
				MTL_ENABLE_DEBUG_INFO = NO;
				MTL_FAST_MATH = YES;
				SDKROOT = iphoneos;
				SWIFT_COMPILATION_MODE = wholemodule;
				SWIFT_OPTIMIZATION_LEVEL = "-O";
				VALIDATE_PRODUCT = YES;
			};
			name = Release;
		};
		D26FE27D2A75832C00CE6BBF /* Debug */ = {
			isa = XCBuildConfiguration;
			buildSettings = {
				ASSETCATALOG_COMPILER_APPICON_NAME = AppIcon;
				ASSETCATALOG_COMPILER_GLOBAL_ACCENT_COLOR_NAME = AccentColor;
				CODE_SIGN_STYLE = Automatic;
				CURRENT_PROJECT_VERSION = 1;
				DEVELOPMENT_TEAM = N2WW86KJNF;
				GENERATE_INFOPLIST_FILE = YES;
				INFOPLIST_FILE = MessageKitPractice/Info.plist;
				INFOPLIST_KEY_UIApplicationSupportsIndirectInputEvents = YES;
				INFOPLIST_KEY_UILaunchStoryboardName = LaunchScreen;
				INFOPLIST_KEY_UIMainStoryboardFile = "";
				INFOPLIST_KEY_UISupportedInterfaceOrientations_iPad = "UIInterfaceOrientationPortrait UIInterfaceOrientationPortraitUpsideDown UIInterfaceOrientationLandscapeLeft UIInterfaceOrientationLandscapeRight";
				INFOPLIST_KEY_UISupportedInterfaceOrientations_iPhone = "UIInterfaceOrientationPortrait UIInterfaceOrientationLandscapeLeft UIInterfaceOrientationLandscapeRight";
				LD_RUNPATH_SEARCH_PATHS = (
					"$(inherited)",
					"@executable_path/Frameworks",
				);
				MARKETING_VERSION = 1.0;
				PRODUCT_BUNDLE_IDENTIFIER = messagekitid.MessageKitPractice;
				PRODUCT_NAME = "$(TARGET_NAME)";
				SWIFT_EMIT_LOC_STRINGS = YES;
				SWIFT_VERSION = 5.0;
				TARGETED_DEVICE_FAMILY = "1,2";
			};
			name = Debug;
		};
		D26FE27E2A75832C00CE6BBF /* Release */ = {
			isa = XCBuildConfiguration;
			buildSettings = {
				ASSETCATALOG_COMPILER_APPICON_NAME = AppIcon;
				ASSETCATALOG_COMPILER_GLOBAL_ACCENT_COLOR_NAME = AccentColor;
				CODE_SIGN_STYLE = Automatic;
				CURRENT_PROJECT_VERSION = 1;
				DEVELOPMENT_TEAM = N2WW86KJNF;
				GENERATE_INFOPLIST_FILE = YES;
				INFOPLIST_FILE = MessageKitPractice/Info.plist;
				INFOPLIST_KEY_UIApplicationSupportsIndirectInputEvents = YES;
				INFOPLIST_KEY_UILaunchStoryboardName = LaunchScreen;
				INFOPLIST_KEY_UIMainStoryboardFile = "";
				INFOPLIST_KEY_UISupportedInterfaceOrientations_iPad = "UIInterfaceOrientationPortrait UIInterfaceOrientationPortraitUpsideDown UIInterfaceOrientationLandscapeLeft UIInterfaceOrientationLandscapeRight";
				INFOPLIST_KEY_UISupportedInterfaceOrientations_iPhone = "UIInterfaceOrientationPortrait UIInterfaceOrientationLandscapeLeft UIInterfaceOrientationLandscapeRight";
				LD_RUNPATH_SEARCH_PATHS = (
					"$(inherited)",
					"@executable_path/Frameworks",
				);
				MARKETING_VERSION = 1.0;
				PRODUCT_BUNDLE_IDENTIFIER = messagekitid.MessageKitPractice;
				PRODUCT_NAME = "$(TARGET_NAME)";
				SWIFT_EMIT_LOC_STRINGS = YES;
				SWIFT_VERSION = 5.0;
				TARGETED_DEVICE_FAMILY = "1,2";
			};
			name = Release;
		};
/* End XCBuildConfiguration section */

/* Begin XCConfigurationList section */
		D26FE2632A75832B00CE6BBF /* Build configuration list for PBXProject "MessageKitPractice" */ = {
			isa = XCConfigurationList;
			buildConfigurations = (
				D26FE27A2A75832C00CE6BBF /* Debug */,
				D26FE27B2A75832C00CE6BBF /* Release */,
			);
			defaultConfigurationIsVisible = 0;
			defaultConfigurationName = Release;
		};
		D26FE27C2A75832C00CE6BBF /* Build configuration list for PBXNativeTarget "MessageKitPractice" */ = {
			isa = XCConfigurationList;
			buildConfigurations = (
				D26FE27D2A75832C00CE6BBF /* Debug */,
				D26FE27E2A75832C00CE6BBF /* Release */,
			);
			defaultConfigurationIsVisible = 0;
			defaultConfigurationName = Release;
		};
/* End XCConfigurationList section */

/* Begin XCRemoteSwiftPackageReference section */
		D26FE2812A75887400CE6BBF /* XCRemoteSwiftPackageReference "MessageKit" */ = {
			isa = XCRemoteSwiftPackageReference;
			repositoryURL = "https://github.com/MessageKit/MessageKit";
			requirement = {
				kind = upToNextMajorVersion;
				minimumVersion = 4.0.0;
			};
		};
/* End XCRemoteSwiftPackageReference section */

/* Begin XCSwiftPackageProductDependency section */
		D26FE2822A75887400CE6BBF /* MessageKit */ = {
			isa = XCSwiftPackageProductDependency;
			package = D26FE2812A75887400CE6BBF /* XCRemoteSwiftPackageReference "MessageKit" */;
			productName = MessageKit;
		};
/* End XCSwiftPackageProductDependency section */
	};
	rootObject = D26FE2602A75832B00CE6BBF /* Project object */;
}
